github.com/beevik/etree v1.1.0 h1:T0xke/WvNtMoCqgzPhkX2r4rjY3GDZFi+FjpRZY2Jbs=
github.com/beevik/etree v1.1.0/go.mod h1:r8Aw8JqVegEf0w2fDnATrX9VpkMcyFeM0FhwO62wh+A=
github.com/mitchellh/mapstructure v1.1.2 h1:fmNYVwqnSfB9mZU6OS2O6GsXM+wcskZDuKQzvN1EDeE=
github.com/mitchellh/mapstructure v1.1.2/go.mod h1:FVVH3fgwuzCH5S8UJGiWEs2h04kUh9fWfEaFds41c1Y=
github.com/mitchellh/mapstructure v1.3.3 h1:SzB1nHZ2Xi+17FP0zVQBHIZqvwRN9408fJO8h+eeNA8=
github.com/mitchellh/mapstructure v1.3.3/go.mod h1:bFUtVrKA4DC2yAKiSyO/QUcy7e+RRV2QTWOzhPopBRo=
